{
  "name": "bazel-node-bzlmod",
  "version": "1.0.0",
  "lockfileVersion": 2,
  "requires": true,
  "packages": {
    "": {
      "name": "bazel-node-bzlmod",
      "version": "1.0.0",
      "license": "ISC",
      "dependencies": {
        "es6-promise": "^4.2.8",
        "rsvp": "^4.8.5"
      }
    },
    "node_modules/es6-promise": {
      "version": "4.2.8",
      "resolved": "https://registry.npmjs.org/es6-promise/-/es6-promise-4.2.8.tgz",
      "integrity": "sha512-HJDGx5daxeIvxdBxvG2cb9g4tEvwIk3i8+nhX0yGrYmZUzbkdg8QbDevheDB8gd0//uPj4c1EQua8Q+MViT0/w=="
    },
    "node_modules/rsvp": {
      "version": "4.8.5",
      "resolved": "https://registry.npmjs.org/rsvp/-/rsvp-4.8.5.tgz",
      "integrity": "sha512-nfMOlASu9OnRJo1mbEk2cz0D56a1MBNrJ7orjRZQG10XDyuvwksKbuXNp6qa+kbn839HwjwhBzhFmdsaEAfauA==",
      "engines": {
        "node": "6.* || >= 7.*"
      }
    }
  },
  "dependencies": {
    "es6-promise": {
      "version": "4.2.8",
      "resolved": "https://registry.npmjs.org/es6-promise/-/es6-promise-4.2.8.tgz",
      "integrity": "sha512-HJDGx5daxeIvxdBxvG2cb9g4tEvwIk3i8+nhX0yGrYmZUzbkdg8QbDevheDB8gd0//uPj4c1EQua8Q+MViT0/w=="
    },
    "rsvp": {
      "version": "4.8.5",
      "resolved": "https://registry.npmjs.org/rsvp/-/rsvp-4.8.5.tgz",
      "integrity": "sha512-nfMOlASu9OnRJo1mbEk2cz0D56a1MBNrJ7orjRZQG10XDyuvwksKbuXNp6qa+kbn839HwjwhBzhFmdsaEAfauA=="
    }
  }
}
